
Microsoft Visual Studio Solution File, Format Version 12.00
# Visual Studio Version 16
VisualStudioVersion = 16.0.28803.352
MinimumVisualStudioVersion = 10.0.40219.1
Project("{2150E333-8FDC-42A3-9474-1A3956D46DE8}") = "贪婪法(01背包)", "贪婪法(01背包)", "{4BD7C520-6C56-4300-9A40-03B93133549D}"
EndProject
Project("{8BC9CEB8-8B4A-11D0-8D11-00A0C91BC942}") = "dp", "dp\dp.vcxproj", "{A17ACB32-5EFA-4D73-8140-821CE22234A2}"
EndProject
Project("{8BC9CEB8-8B4A-11D0-8D11-00A0C91BC942}") = "Greed", "Greed\Greed.vcxproj", "{F6C2BDBF-62E4-4AA9-8EA2-3EC97C6B98A6}"
EndProject
Project("{2150E333-8FDC-42A3-9474-1A3956D46DE8}") = "DP", "DP", "{5D831831-230C-4653-B4A5-9EB8B2A6103F}"
EndProject
Project("{8BC9CEB8-8B4A-11D0-8D11-00A0C91BC942}") = "分割等和子集", "分割等和子集\分割等和子集.vcxproj", "{29EEB08F-5118-44B7-ADFD-0DC3CD601881}"
EndProject
Project("{8BC9CEB8-8B4A-11D0-8D11-00A0C91BC942}") = "一和零", "一和零\一和零.vcxproj", "{1F1D5586-0839-4B63-82D0-43CEC3DE15B6}"
EndProject
Project("{8BC9CEB8-8B4A-11D0-8D11-00A0C91BC942}") = "BinaryTree", "BinaryTree\BinaryTree.vcxproj", "{563B3339-DA5A-4128-9206-5160539016FE}"
EndProject
Project("{2150E333-8FDC-42A3-9474-1A3956D46DE8}") = "Tree", "Tree", "{BEF0A2C1-289F-4D5B-8A5A-8601A95F8B95}"
EndProject
Project("{8BC9CEB8-8B4A-11D0-8D11-00A0C91BC942}") = "OneHundred", "OneHundred\OneHundred.vcxproj", "{CFD0A3EC-D062-4587-A2EA-6534AE20BBE0}"
EndProject
Project("{9A19103F-16F7-4668-BE54-9A1E7A4F7556}") = "OneHundredCsharp", "OneHundredCsharp\OneHundredCsharp.csproj", "{95A3DE97-9049-4754-8513-7ECFB88A1847}"
EndProject
Project("{2150E333-8FDC-42A3-9474-1A3956D46DE8}") = "背包", "背包", "{19FE0DCC-E971-4752-ACEF-250DB8488FA1}"
EndProject
Project("{8BC9CEB8-8B4A-11D0-8D11-00A0C91BC942}") = "SumOfKNumber", "SumOfKNumber\SumOfKNumber.vcxproj", "{927C4B44-956D-4909-B872-79B25F1EDF0B}"
EndProject
Project("{8BC9CEB8-8B4A-11D0-8D11-00A0C91BC942}") = "SumOfKNumber_DP", "SumOfKNumber_DP\SumOfKNumber_DP.vcxproj", "{3CF6DF7F-2EA0-49A6-9F15-22F8159E5E11}"
EndProject
Project("{9A19103F-16F7-4668-BE54-9A1E7A4F7556}") = "SumOfKNumberCsharp", "SumOfKNumberCsharp\SumOfKNumberCsharp.csproj", "{9F4F9673-EA7E-4678-9129-0CCC2992D669}"
EndProject
Project("{9A19103F-16F7-4668-BE54-9A1E7A4F7556}") = "SumOfKNumber_DP_Csharp", "SumOfKNumber_DP_Csharp\SumOfKNumber_DP_Csharp.csproj", "{DAD3FC6C-4746-4856-9E8B-FF1423D314CE}"
EndProject
Project("{9A19103F-16F7-4668-BE54-9A1E7A4F7556}") = "ThreeSum", "ThreeSum\ThreeSum.csproj", "{0C0E9D13-45A0-41A5-8FC5-9B14A9616F63}"
EndProject
Project("{2150E333-8FDC-42A3-9474-1A3956D46DE8}") = "两数相加", "两数相加", "{29835405-C6CA-40F1-AD19-F829042F288D}"
EndProject
Project("{8BC9CEB8-8B4A-11D0-8D11-00A0C91BC942}") = "AddTwoNumbers", "AddTwoNumbers\AddTwoNumbers.vcxproj", "{DDEDDD48-31CC-441E-A172-3328FDDBE306}"
EndProject
Project("{9A19103F-16F7-4668-BE54-9A1E7A4F7556}") = "AddTwoNumbersCsharp", "AddTwoNumbersCsharp\AddTwoNumbersCsharp.csproj", "{808030FC-6A4D-47CE-A9F9-7CC9E2596B71}"
EndProject
Project("{2150E333-8FDC-42A3-9474-1A3956D46DE8}") = "无重复字符的最长子串", "无重复字符的最长子串", "{24ADE96A-B6EC-4367-8A3C-661DA1231094}"
EndProject
Project("{8BC9CEB8-8B4A-11D0-8D11-00A0C91BC942}") = "LengthOfLongestSubstring", "LengthOfLongestSubstring\LengthOfLongestSubstring.vcxproj", "{A16F4854-B8B7-43C6-8510-1D2879E7385C}"
EndProject
Project("{9A19103F-16F7-4668-BE54-9A1E7A4F7556}") = "LengthOfLongestSubstringCsharp", "LengthOfLongestSubstringCsharp\LengthOfLongestSubstringCsharp.csproj", "{8FCBCB09-E67B-4EA8-8F38-30CD78AD796D}"
EndProject
Project("{2150E333-8FDC-42A3-9474-1A3956D46DE8}") = "寻找两个有序数组的中位数", "寻找两个有序数组的中位数", "{6062897E-57CF-462D-9B4A-E740F2A56F23}"
EndProject
Project("{9A19103F-16F7-4668-BE54-9A1E7A4F7556}") = "FindMedianSortedArraysCsharp", "FindMedianSortedArraysCsharp\FindMedianSortedArraysCsharp.csproj", "{94EA5EC8-C7F9-4D2E-9753-A86F8271C8D3}"
EndProject
Project("{8BC9CEB8-8B4A-11D0-8D11-00A0C91BC942}") = "FindMedianSortedArrays", "FindMedianSortedArrays\FindMedianSortedArrays.vcxproj", "{9DB0F74E-61B2-420A-9970-3D63F102A50A}"
EndProject
Project("{2150E333-8FDC-42A3-9474-1A3956D46DE8}") = "最长回文子串", "最长回文子串", "{16B9076C-9EF5-48FF-9F75-F671DA993868}"
EndProject
Project("{9A19103F-16F7-4668-BE54-9A1E7A4F7556}") = "LongestPalindromeCsharp", "LongestPalindromeCsharp\LongestPalindromeCsharp.csproj", "{B46CD794-DDD6-45D7-B1BE-BC9A3F65FA4C}"
EndProject
Project("{2150E333-8FDC-42A3-9474-1A3956D46DE8}") = "欧拉回数", "欧拉回数", "{BF9BF8C2-2AD8-4A56-BA36-E3CDCBF514FF}"
	ProjectSection(SolutionItems) = preProject
		fleury.txt = fleury.txt
	EndProjectSection
EndProject
Project("{8BC9CEB8-8B4A-11D0-8D11-00A0C91BC942}") = "Euler", "Euler\Euler.vcxproj", "{1449DA7E-17AA-4396-8B35-1269B082FBC3}"
EndProject
Project("{8BC9CEB8-8B4A-11D0-8D11-00A0C91BC942}") = "LongestPalindrome", "LongestPalindrome\LongestPalindrome.vcxproj", "{5529D57B-FFB9-41FE-9111-9C215CB0FA2E}"
EndProject
Project("{2150E333-8FDC-42A3-9474-1A3956D46DE8}") = "Z 字形变换", "Z 字形变换", "{0B804833-6D58-4277-8F19-1ADDD6CFD30C}"
EndProject
Project("{9A19103F-16F7-4668-BE54-9A1E7A4F7556}") = "ConvertCSharp", "ConvertCSharp\ConvertCSharp.csproj", "{B91AAE7D-989A-4E84-9F46-CEA58B677139}"
EndProject
Project("{8BC9CEB8-8B4A-11D0-8D11-00A0C91BC942}") = "Convert", "Convert\Convert.vcxproj", "{32B064E7-98CD-465B-8E6A-A48D54D1D335}"
EndProject
Global
	GlobalSection(SolutionConfigurationPlatforms) = preSolution
		Debug|Any CPU = Debug|Any CPU
		Debug|x64 = Debug|x64
		Debug|x86 = Debug|x86
		Release|Any CPU = Release|Any CPU
		Release|x64 = Release|x64
		Release|x86 = Release|x86
	EndGlobalSection
	GlobalSection(ProjectConfigurationPlatforms) = postSolution
		{A17ACB32-5EFA-4D73-8140-821CE22234A2}.Debug|Any CPU.ActiveCfg = Debug|Win32
		{A17ACB32-5EFA-4D73-8140-821CE22234A2}.Debug|x64.ActiveCfg = Debug|x64
		{A17ACB32-5EFA-4D73-8140-821CE22234A2}.Debug|x64.Build.0 = Debug|x64
		{A17ACB32-5EFA-4D73-8140-821CE22234A2}.Debug|x86.ActiveCfg = Debug|Win32
		{A17ACB32-5EFA-4D73-8140-821CE22234A2}.Debug|x86.Build.0 = Debug|Win32
		{A17ACB32-5EFA-4D73-8140-821CE22234A2}.Release|Any CPU.ActiveCfg = Release|Win32
		{A17ACB32-5EFA-4D73-8140-821CE22234A2}.Release|x64.ActiveCfg = Release|x64
		{A17ACB32-5EFA-4D73-8140-821CE22234A2}.Release|x64.Build.0 = Release|x64
		{A17ACB32-5EFA-4D73-8140-821CE22234A2}.Release|x86.ActiveCfg = Release|Win32
		{A17ACB32-5EFA-4D73-8140-821CE22234A2}.Release|x86.Build.0 = Release|Win32
		{F6C2BDBF-62E4-4AA9-8EA2-3EC97C6B98A6}.Debug|Any CPU.ActiveCfg = Debug|Win32
		{F6C2BDBF-62E4-4AA9-8EA2-3EC97C6B98A6}.Debug|x64.ActiveCfg = Debug|x64
		{F6C2BDBF-62E4-4AA9-8EA2-3EC97C6B98A6}.Debug|x64.Build.0 = Debug|x64
		{F6C2BDBF-62E4-4AA9-8EA2-3EC97C6B98A6}.Debug|x86.ActiveCfg = Debug|Win32
		{F6C2BDBF-62E4-4AA9-8EA2-3EC97C6B98A6}.Debug|x86.Build.0 = Debug|Win32
		{F6C2BDBF-62E4-4AA9-8EA2-3EC97C6B98A6}.Release|Any CPU.ActiveCfg = Release|Win32
		{F6C2BDBF-62E4-4AA9-8EA2-3EC97C6B98A6}.Release|x64.ActiveCfg = Release|x64
		{F6C2BDBF-62E4-4AA9-8EA2-3EC97C6B98A6}.Release|x64.Build.0 = Release|x64
		{F6C2BDBF-62E4-4AA9-8EA2-3EC97C6B98A6}.Release|x86.ActiveCfg = Release|Win32
		{F6C2BDBF-62E4-4AA9-8EA2-3EC97C6B98A6}.Release|x86.Build.0 = Release|Win32
		{29EEB08F-5118-44B7-ADFD-0DC3CD601881}.Debug|Any CPU.ActiveCfg = Debug|Win32
		{29EEB08F-5118-44B7-ADFD-0DC3CD601881}.Debug|x64.ActiveCfg = Debug|x64
		{29EEB08F-5118-44B7-ADFD-0DC3CD601881}.Debug|x64.Build.0 = Debug|x64
		{29EEB08F-5118-44B7-ADFD-0DC3CD601881}.Debug|x86.ActiveCfg = Debug|Win32
		{29EEB08F-5118-44B7-ADFD-0DC3CD601881}.Debug|x86.Build.0 = Debug|Win32
		{29EEB08F-5118-44B7-ADFD-0DC3CD601881}.Release|Any CPU.ActiveCfg = Release|Win32
		{29EEB08F-5118-44B7-ADFD-0DC3CD601881}.Release|x64.ActiveCfg = Release|x64
		{29EEB08F-5118-44B7-ADFD-0DC3CD601881}.Release|x64.Build.0 = Release|x64
		{29EEB08F-5118-44B7-ADFD-0DC3CD601881}.Release|x86.ActiveCfg = Release|Win32
		{29EEB08F-5118-44B7-ADFD-0DC3CD601881}.Release|x86.Build.0 = Release|Win32
		{1F1D5586-0839-4B63-82D0-43CEC3DE15B6}.Debug|Any CPU.ActiveCfg = Debug|Win32
		{1F1D5586-0839-4B63-82D0-43CEC3DE15B6}.Debug|x64.ActiveCfg = Debug|x64
		{1F1D5586-0839-4B63-82D0-43CEC3DE15B6}.Debug|x64.Build.0 = Debug|x64
		{1F1D5586-0839-4B63-82D0-43CEC3DE15B6}.Debug|x86.ActiveCfg = Debug|Win32
		{1F1D5586-0839-4B63-82D0-43CEC3DE15B6}.Debug|x86.Build.0 = Debug|Win32
		{1F1D5586-0839-4B63-82D0-43CEC3DE15B6}.Release|Any CPU.ActiveCfg = Release|Win32
		{1F1D5586-0839-4B63-82D0-43CEC3DE15B6}.Release|x64.ActiveCfg = Release|x64
		{1F1D5586-0839-4B63-82D0-43CEC3DE15B6}.Release|x64.Build.0 = Release|x64
		{1F1D5586-0839-4B63-82D0-43CEC3DE15B6}.Release|x86.ActiveCfg = Release|Win32
		{1F1D5586-0839-4B63-82D0-43CEC3DE15B6}.Release|x86.Build.0 = Release|Win32
		{563B3339-DA5A-4128-9206-5160539016FE}.Debug|Any CPU.ActiveCfg = Debug|Win32
		{563B3339-DA5A-4128-9206-5160539016FE}.Debug|x64.ActiveCfg = Debug|x64
		{563B3339-DA5A-4128-9206-5160539016FE}.Debug|x64.Build.0 = Debug|x64
		{563B3339-DA5A-4128-9206-5160539016FE}.Debug|x86.ActiveCfg = Debug|Win32
		{563B3339-DA5A-4128-9206-5160539016FE}.Debug|x86.Build.0 = Debug|Win32
		{563B3339-DA5A-4128-9206-5160539016FE}.Release|Any CPU.ActiveCfg = Release|Win32
		{563B3339-DA5A-4128-9206-5160539016FE}.Release|x64.ActiveCfg = Release|x64
		{563B3339-DA5A-4128-9206-5160539016FE}.Release|x64.Build.0 = Release|x64
		{563B3339-DA5A-4128-9206-5160539016FE}.Release|x86.ActiveCfg = Release|Win32
		{563B3339-DA5A-4128-9206-5160539016FE}.Release|x86.Build.0 = Release|Win32
		{CFD0A3EC-D062-4587-A2EA-6534AE20BBE0}.Debug|Any CPU.ActiveCfg = Debug|Win32
		{CFD0A3EC-D062-4587-A2EA-6534AE20BBE0}.Debug|x64.ActiveCfg = Debug|x64
		{CFD0A3EC-D062-4587-A2EA-6534AE20BBE0}.Debug|x64.Build.0 = Debug|x64
		{CFD0A3EC-D062-4587-A2EA-6534AE20BBE0}.Debug|x86.ActiveCfg = Debug|Win32
		{CFD0A3EC-D062-4587-A2EA-6534AE20BBE0}.Debug|x86.Build.0 = Debug|Win32
		{CFD0A3EC-D062-4587-A2EA-6534AE20BBE0}.Release|Any CPU.ActiveCfg = Release|Win32
		{CFD0A3EC-D062-4587-A2EA-6534AE20BBE0}.Release|x64.ActiveCfg = Release|x64
		{CFD0A3EC-D062-4587-A2EA-6534AE20BBE0}.Release|x64.Build.0 = Release|x64
		{CFD0A3EC-D062-4587-A2EA-6534AE20BBE0}.Release|x86.ActiveCfg = Release|Win32
		{CFD0A3EC-D062-4587-A2EA-6534AE20BBE0}.Release|x86.Build.0 = Release|Win32
		{95A3DE97-9049-4754-8513-7ECFB88A1847}.Debug|Any CPU.ActiveCfg = Debug|Any CPU
		{95A3DE97-9049-4754-8513-7ECFB88A1847}.Debug|Any CPU.Build.0 = Debug|Any CPU
		{95A3DE97-9049-4754-8513-7ECFB88A1847}.Debug|x64.ActiveCfg = Debug|Any CPU
		{95A3DE97-9049-4754-8513-7ECFB88A1847}.Debug|x64.Build.0 = Debug|Any CPU
		{95A3DE97-9049-4754-8513-7ECFB88A1847}.Debug|x86.ActiveCfg = Debug|Any CPU
		{95A3DE97-9049-4754-8513-7ECFB88A1847}.Debug|x86.Build.0 = Debug|Any CPU
		{95A3DE97-9049-4754-8513-7ECFB88A1847}.Release|Any CPU.ActiveCfg = Release|Any CPU
		{95A3DE97-9049-4754-8513-7ECFB88A1847}.Release|Any CPU.Build.0 = Release|Any CPU
		{95A3DE97-9049-4754-8513-7ECFB88A1847}.Release|x64.ActiveCfg = Release|Any CPU
		{95A3DE97-9049-4754-8513-7ECFB88A1847}.Release|x64.Build.0 = Release|Any CPU
		{95A3DE97-9049-4754-8513-7ECFB88A1847}.Release|x86.ActiveCfg = Release|Any CPU
		{95A3DE97-9049-4754-8513-7ECFB88A1847}.Release|x86.Build.0 = Release|Any CPU
		{927C4B44-956D-4909-B872-79B25F1EDF0B}.Debug|Any CPU.ActiveCfg = Debug|Win32
		{927C4B44-956D-4909-B872-79B25F1EDF0B}.Debug|x64.ActiveCfg = Debug|x64
		{927C4B44-956D-4909-B872-79B25F1EDF0B}.Debug|x64.Build.0 = Debug|x64
		{927C4B44-956D-4909-B872-79B25F1EDF0B}.Debug|x86.ActiveCfg = Debug|Win32
		{927C4B44-956D-4909-B872-79B25F1EDF0B}.Debug|x86.Build.0 = Debug|Win32
		{927C4B44-956D-4909-B872-79B25F1EDF0B}.Release|Any CPU.ActiveCfg = Release|Win32
		{927C4B44-956D-4909-B872-79B25F1EDF0B}.Release|x64.ActiveCfg = Release|x64
		{927C4B44-956D-4909-B872-79B25F1EDF0B}.Release|x64.Build.0 = Release|x64
		{927C4B44-956D-4909-B872-79B25F1EDF0B}.Release|x86.ActiveCfg = Release|Win32
		{927C4B44-956D-4909-B872-79B25F1EDF0B}.Release|x86.Build.0 = Release|Win32
		{3CF6DF7F-2EA0-49A6-9F15-22F8159E5E11}.Debug|Any CPU.ActiveCfg = Debug|Win32
		{3CF6DF7F-2EA0-49A6-9F15-22F8159E5E11}.Debug|x64.ActiveCfg = Debug|x64
		{3CF6DF7F-2EA0-49A6-9F15-22F8159E5E11}.Debug|x64.Build.0 = Debug|x64
		{3CF6DF7F-2EA0-49A6-9F15-22F8159E5E11}.Debug|x86.ActiveCfg = Debug|Win32
		{3CF6DF7F-2EA0-49A6-9F15-22F8159E5E11}.Debug|x86.Build.0 = Debug|Win32
		{3CF6DF7F-2EA0-49A6-9F15-22F8159E5E11}.Release|Any CPU.ActiveCfg = Release|Win32
		{3CF6DF7F-2EA0-49A6-9F15-22F8159E5E11}.Release|x64.ActiveCfg = Release|x64
		{3CF6DF7F-2EA0-49A6-9F15-22F8159E5E11}.Release|x64.Build.0 = Release|x64
		{3CF6DF7F-2EA0-49A6-9F15-22F8159E5E11}.Release|x86.ActiveCfg = Release|Win32
		{3CF6DF7F-2EA0-49A6-9F15-22F8159E5E11}.Release|x86.Build.0 = Release|Win32
		{9F4F9673-EA7E-4678-9129-0CCC2992D669}.Debug|Any CPU.ActiveCfg = Debug|Any CPU
		{9F4F9673-EA7E-4678-9129-0CCC2992D669}.Debug|Any CPU.Build.0 = Debug|Any CPU
		{9F4F9673-EA7E-4678-9129-0CCC2992D669}.Debug|x64.ActiveCfg = Debug|Any CPU
		{9F4F9673-EA7E-4678-9129-0CCC2992D669}.Debug|x64.Build.0 = Debug|Any CPU
		{9F4F9673-EA7E-4678-9129-0CCC2992D669}.Debug|x86.ActiveCfg = Debug|Any CPU
		{9F4F9673-EA7E-4678-9129-0CCC2992D669}.Debug|x86.Build.0 = Debug|Any CPU
		{9F4F9673-EA7E-4678-9129-0CCC2992D669}.Release|Any CPU.ActiveCfg = Release|Any CPU
		{9F4F9673-EA7E-4678-9129-0CCC2992D669}.Release|Any CPU.Build.0 = Release|Any CPU
		{9F4F9673-EA7E-4678-9129-0CCC2992D669}.Release|x64.ActiveCfg = Release|Any CPU
		{9F4F9673-EA7E-4678-9129-0CCC2992D669}.Release|x64.Build.0 = Release|Any CPU
		{9F4F9673-EA7E-4678-9129-0CCC2992D669}.Release|x86.ActiveCfg = Release|Any CPU
		{9F4F9673-EA7E-4678-9129-0CCC2992D669}.Release|x86.Build.0 = Release|Any CPU
		{DAD3FC6C-4746-4856-9E8B-FF1423D314CE}.Debug|Any CPU.ActiveCfg = Debug|Any CPU
		{DAD3FC6C-4746-4856-9E8B-FF1423D314CE}.Debug|Any CPU.Build.0 = Debug|Any CPU
		{DAD3FC6C-4746-4856-9E8B-FF1423D314CE}.Debug|x64.ActiveCfg = Debug|Any CPU
		{DAD3FC6C-4746-4856-9E8B-FF1423D314CE}.Debug|x64.Build.0 = Debug|Any CPU
		{DAD3FC6C-4746-4856-9E8B-FF1423D314CE}.Debug|x86.ActiveCfg = Debug|Any CPU
		{DAD3FC6C-4746-4856-9E8B-FF1423D314CE}.Debug|x86.Build.0 = Debug|Any CPU
		{DAD3FC6C-4746-4856-9E8B-FF1423D314CE}.Release|Any CPU.ActiveCfg = Release|Any CPU
		{DAD3FC6C-4746-4856-9E8B-FF1423D314CE}.Release|Any CPU.Build.0 = Release|Any CPU
		{DAD3FC6C-4746-4856-9E8B-FF1423D314CE}.Release|x64.ActiveCfg = Release|Any CPU
		{DAD3FC6C-4746-4856-9E8B-FF1423D314CE}.Release|x64.Build.0 = Release|Any CPU
		{DAD3FC6C-4746-4856-9E8B-FF1423D314CE}.Release|x86.ActiveCfg = Release|Any CPU
		{DAD3FC6C-4746-4856-9E8B-FF1423D314CE}.Release|x86.Build.0 = Release|Any CPU
		{0C0E9D13-45A0-41A5-8FC5-9B14A9616F63}.Debug|Any CPU.ActiveCfg = Debug|Any CPU
		{0C0E9D13-45A0-41A5-8FC5-9B14A9616F63}.Debug|Any CPU.Build.0 = Debug|Any CPU
		{0C0E9D13-45A0-41A5-8FC5-9B14A9616F63}.Debug|x64.ActiveCfg = Debug|Any CPU
		{0C0E9D13-45A0-41A5-8FC5-9B14A9616F63}.Debug|x64.Build.0 = Debug|Any CPU
		{0C0E9D13-45A0-41A5-8FC5-9B14A9616F63}.Debug|x86.ActiveCfg = Debug|Any CPU
		{0C0E9D13-45A0-41A5-8FC5-9B14A9616F63}.Debug|x86.Build.0 = Debug|Any CPU
		{0C0E9D13-45A0-41A5-8FC5-9B14A9616F63}.Release|Any CPU.ActiveCfg = Release|Any CPU
		{0C0E9D13-45A0-41A5-8FC5-9B14A9616F63}.Release|Any CPU.Build.0 = Release|Any CPU
		{0C0E9D13-45A0-41A5-8FC5-9B14A9616F63}.Release|x64.ActiveCfg = Release|Any CPU
		{0C0E9D13-45A0-41A5-8FC5-9B14A9616F63}.Release|x64.Build.0 = Release|Any CPU
		{0C0E9D13-45A0-41A5-8FC5-9B14A9616F63}.Release|x86.ActiveCfg = Release|Any CPU
		{0C0E9D13-45A0-41A5-8FC5-9B14A9616F63}.Release|x86.Build.0 = Release|Any CPU
		{DDEDDD48-31CC-441E-A172-3328FDDBE306}.Debug|Any CPU.ActiveCfg = Debug|Win32
		{DDEDDD48-31CC-441E-A172-3328FDDBE306}.Debug|x64.ActiveCfg = Debug|x64
		{DDEDDD48-31CC-441E-A172-3328FDDBE306}.Debug|x64.Build.0 = Debug|x64
		{DDEDDD48-31CC-441E-A172-3328FDDBE306}.Debug|x86.ActiveCfg = Debug|Win32
		{DDEDDD48-31CC-441E-A172-3328FDDBE306}.Debug|x86.Build.0 = Debug|Win32
		{DDEDDD48-31CC-441E-A172-3328FDDBE306}.Release|Any CPU.ActiveCfg = Release|Win32
		{DDEDDD48-31CC-441E-A172-3328FDDBE306}.Release|x64.ActiveCfg = Release|x64
		{DDEDDD48-31CC-441E-A172-3328FDDBE306}.Release|x64.Build.0 = Release|x64
		{DDEDDD48-31CC-441E-A172-3328FDDBE306}.Release|x86.ActiveCfg = Release|Win32
		{DDEDDD48-31CC-441E-A172-3328FDDBE306}.Release|x86.Build.0 = Release|Win32
		{808030FC-6A4D-47CE-A9F9-7CC9E2596B71}.Debug|Any CPU.ActiveCfg = Debug|Any CPU
		{808030FC-6A4D-47CE-A9F9-7CC9E2596B71}.Debug|Any CPU.Build.0 = Debug|Any CPU
		{808030FC-6A4D-47CE-A9F9-7CC9E2596B71}.Debug|x64.ActiveCfg = Debug|Any CPU
		{808030FC-6A4D-47CE-A9F9-7CC9E2596B71}.Debug|x64.Build.0 = Debug|Any CPU
		{808030FC-6A4D-47CE-A9F9-7CC9E2596B71}.Debug|x86.ActiveCfg = Debug|Any CPU
		{808030FC-6A4D-47CE-A9F9-7CC9E2596B71}.Debug|x86.Build.0 = Debug|Any CPU
		{808030FC-6A4D-47CE-A9F9-7CC9E2596B71}.Release|Any CPU.ActiveCfg = Release|Any CPU
		{808030FC-6A4D-47CE-A9F9-7CC9E2596B71}.Release|Any CPU.Build.0 = Release|Any CPU
		{808030FC-6A4D-47CE-A9F9-7CC9E2596B71}.Release|x64.ActiveCfg = Release|Any CPU
		{808030FC-6A4D-47CE-A9F9-7CC9E2596B71}.Release|x64.Build.0 = Release|Any CPU
		{808030FC-6A4D-47CE-A9F9-7CC9E2596B71}.Release|x86.ActiveCfg = Release|Any CPU
		{808030FC-6A4D-47CE-A9F9-7CC9E2596B71}.Release|x86.Build.0 = Release|Any CPU
		{A16F4854-B8B7-43C6-8510-1D2879E7385C}.Debug|Any CPU.ActiveCfg = Debug|Win32
		{A16F4854-B8B7-43C6-8510-1D2879E7385C}.Debug|x64.ActiveCfg = Debug|x64
		{A16F4854-B8B7-43C6-8510-1D2879E7385C}.Debug|x64.Build.0 = Debug|x64
		{A16F4854-B8B7-43C6-8510-1D2879E7385C}.Debug|x86.ActiveCfg = Debug|Win32
		{A16F4854-B8B7-43C6-8510-1D2879E7385C}.Debug|x86.Build.0 = Debug|Win32
		{A16F4854-B8B7-43C6-8510-1D2879E7385C}.Release|Any CPU.ActiveCfg = Release|Win32
		{A16F4854-B8B7-43C6-8510-1D2879E7385C}.Release|x64.ActiveCfg = Release|x64
		{A16F4854-B8B7-43C6-8510-1D2879E7385C}.Release|x64.Build.0 = Release|x64
		{A16F4854-B8B7-43C6-8510-1D2879E7385C}.Release|x86.ActiveCfg = Release|Win32
		{A16F4854-B8B7-43C6-8510-1D2879E7385C}.Release|x86.Build.0 = Release|Win32
		{8FCBCB09-E67B-4EA8-8F38-30CD78AD796D}.Debug|Any CPU.ActiveCfg = Debug|Any CPU
		{8FCBCB09-E67B-4EA8-8F38-30CD78AD796D}.Debug|Any CPU.Build.0 = Debug|Any CPU
		{8FCBCB09-E67B-4EA8-8F38-30CD78AD796D}.Debug|x64.ActiveCfg = Debug|Any CPU
		{8FCBCB09-E67B-4EA8-8F38-30CD78AD796D}.Debug|x64.Build.0 = Debug|Any CPU
		{8FCBCB09-E67B-4EA8-8F38-30CD78AD796D}.Debug|x86.ActiveCfg = Debug|Any CPU
		{8FCBCB09-E67B-4EA8-8F38-30CD78AD796D}.Debug|x86.Build.0 = Debug|Any CPU
		{8FCBCB09-E67B-4EA8-8F38-30CD78AD796D}.Release|Any CPU.ActiveCfg = Release|Any CPU
		{8FCBCB09-E67B-4EA8-8F38-30CD78AD796D}.Release|Any CPU.Build.0 = Release|Any CPU
		{8FCBCB09-E67B-4EA8-8F38-30CD78AD796D}.Release|x64.ActiveCfg = Release|Any CPU
		{8FCBCB09-E67B-4EA8-8F38-30CD78AD796D}.Release|x64.Build.0 = Release|Any CPU
		{8FCBCB09-E67B-4EA8-8F38-30CD78AD796D}.Release|x86.ActiveCfg = Release|Any CPU
		{8FCBCB09-E67B-4EA8-8F38-30CD78AD796D}.Release|x86.Build.0 = Release|Any CPU
		{94EA5EC8-C7F9-4D2E-9753-A86F8271C8D3}.Debug|Any CPU.ActiveCfg = Debug|Any CPU
		{94EA5EC8-C7F9-4D2E-9753-A86F8271C8D3}.Debug|Any CPU.Build.0 = Debug|Any CPU
		{94EA5EC8-C7F9-4D2E-9753-A86F8271C8D3}.Debug|x64.ActiveCfg = Debug|Any CPU
		{94EA5EC8-C7F9-4D2E-9753-A86F8271C8D3}.Debug|x64.Build.0 = Debug|Any CPU
		{94EA5EC8-C7F9-4D2E-9753-A86F8271C8D3}.Debug|x86.ActiveCfg = Debug|Any CPU
		{94EA5EC8-C7F9-4D2E-9753-A86F8271C8D3}.Debug|x86.Build.0 = Debug|Any CPU
		{94EA5EC8-C7F9-4D2E-9753-A86F8271C8D3}.Release|Any CPU.ActiveCfg = Release|Any CPU
		{94EA5EC8-C7F9-4D2E-9753-A86F8271C8D3}.Release|Any CPU.Build.0 = Release|Any CPU
		{94EA5EC8-C7F9-4D2E-9753-A86F8271C8D3}.Release|x64.ActiveCfg = Release|Any CPU
		{94EA5EC8-C7F9-4D2E-9753-A86F8271C8D3}.Release|x64.Build.0 = Release|Any CPU
		{94EA5EC8-C7F9-4D2E-9753-A86F8271C8D3}.Release|x86.ActiveCfg = Release|Any CPU
		{94EA5EC8-C7F9-4D2E-9753-A86F8271C8D3}.Release|x86.Build.0 = Release|Any CPU
		{9DB0F74E-61B2-420A-9970-3D63F102A50A}.Debug|Any CPU.ActiveCfg = Debug|Win32
		{9DB0F74E-61B2-420A-9970-3D63F102A50A}.Debug|x64.ActiveCfg = Debug|x64
		{9DB0F74E-61B2-420A-9970-3D63F102A50A}.Debug|x64.Build.0 = Debug|x64
		{9DB0F74E-61B2-420A-9970-3D63F102A50A}.Debug|x86.ActiveCfg = Debug|Win32
		{9DB0F74E-61B2-420A-9970-3D63F102A50A}.Debug|x86.Build.0 = Debug|Win32
		{9DB0F74E-61B2-420A-9970-3D63F102A50A}.Release|Any CPU.ActiveCfg = Release|Win32
		{9DB0F74E-61B2-420A-9970-3D63F102A50A}.Release|x64.ActiveCfg = Release|x64
		{9DB0F74E-61B2-420A-9970-3D63F102A50A}.Release|x64.Build.0 = Release|x64
		{9DB0F74E-61B2-420A-9970-3D63F102A50A}.Release|x86.ActiveCfg = Release|Win32
		{9DB0F74E-61B2-420A-9970-3D63F102A50A}.Release|x86.Build.0 = Release|Win32
		{B46CD794-DDD6-45D7-B1BE-BC9A3F65FA4C}.Debug|Any CPU.ActiveCfg = Debug|Any CPU
		{B46CD794-DDD6-45D7-B1BE-BC9A3F65FA4C}.Debug|Any CPU.Build.0 = Debug|Any CPU
		{B46CD794-DDD6-45D7-B1BE-BC9A3F65FA4C}.Debug|x64.ActiveCfg = Debug|Any CPU
		{B46CD794-DDD6-45D7-B1BE-BC9A3F65FA4C}.Debug|x64.Build.0 = Debug|Any CPU
		{B46CD794-DDD6-45D7-B1BE-BC9A3F65FA4C}.Debug|x86.ActiveCfg = Debug|Any CPU
		{B46CD794-DDD6-45D7-B1BE-BC9A3F65FA4C}.Debug|x86.Build.0 = Debug|Any CPU
		{B46CD794-DDD6-45D7-B1BE-BC9A3F65FA4C}.Release|Any CPU.ActiveCfg = Release|Any CPU
		{B46CD794-DDD6-45D7-B1BE-BC9A3F65FA4C}.Release|Any CPU.Build.0 = Release|Any CPU
		{B46CD794-DDD6-45D7-B1BE-BC9A3F65FA4C}.Release|x64.ActiveCfg = Release|Any CPU
		{B46CD794-DDD6-45D7-B1BE-BC9A3F65FA4C}.Release|x64.Build.0 = Release|Any CPU
		{B46CD794-DDD6-45D7-B1BE-BC9A3F65FA4C}.Release|x86.ActiveCfg = Release|Any CPU
		{B46CD794-DDD6-45D7-B1BE-BC9A3F65FA4C}.Release|x86.Build.0 = Release|Any CPU
		{1449DA7E-17AA-4396-8B35-1269B082FBC3}.Debug|Any CPU.ActiveCfg = Debug|Win32
		{1449DA7E-17AA-4396-8B35-1269B082FBC3}.Debug|x64.ActiveCfg = Debug|x64
		{1449DA7E-17AA-4396-8B35-1269B082FBC3}.Debug|x64.Build.0 = Debug|x64
		{1449DA7E-17AA-4396-8B35-1269B082FBC3}.Debug|x86.ActiveCfg = Debug|Win32
		{1449DA7E-17AA-4396-8B35-1269B082FBC3}.Debug|x86.Build.0 = Debug|Win32
		{1449DA7E-17AA-4396-8B35-1269B082FBC3}.Release|Any CPU.ActiveCfg = Release|Win32
		{1449DA7E-17AA-4396-8B35-1269B082FBC3}.Release|x64.ActiveCfg = Release|x64
		{1449DA7E-17AA-4396-8B35-1269B082FBC3}.Release|x64.Build.0 = Release|x64
		{1449DA7E-17AA-4396-8B35-1269B082FBC3}.Release|x86.ActiveCfg = Release|Win32
		{1449DA7E-17AA-4396-8B35-1269B082FBC3}.Release|x86.Build.0 = Release|Win32
		{5529D57B-FFB9-41FE-9111-9C215CB0FA2E}.Debug|Any CPU.ActiveCfg = Debug|Win32
		{5529D57B-FFB9-41FE-9111-9C215CB0FA2E}.Debug|x64.ActiveCfg = Debug|x64
		{5529D57B-FFB9-41FE-9111-9C215CB0FA2E}.Debug|x64.Build.0 = Debug|x64
		{5529D57B-FFB9-41FE-9111-9C215CB0FA2E}.Debug|x86.ActiveCfg = Debug|Win32
		{5529D57B-FFB9-41FE-9111-9C215CB0FA2E}.Debug|x86.Build.0 = Debug|Win32
		{5529D57B-FFB9-41FE-9111-9C215CB0FA2E}.Release|Any CPU.ActiveCfg = Release|Win32
		{5529D57B-FFB9-41FE-9111-9C215CB0FA2E}.Release|x64.ActiveCfg = Release|x64
		{5529D57B-FFB9-41FE-9111-9C215CB0FA2E}.Release|x64.Build.0 = Release|x64
		{5529D57B-FFB9-41FE-9111-9C215CB0FA2E}.Release|x86.ActiveCfg = Release|Win32
		{5529D57B-FFB9-41FE-9111-9C215CB0FA2E}.Release|x86.Build.0 = Release|Win32
		{B91AAE7D-989A-4E84-9F46-CEA58B677139}.Debug|Any CPU.ActiveCfg = Debug|Any CPU
		{B91AAE7D-989A-4E84-9F46-CEA58B677139}.Debug|Any CPU.Build.0 = Debug|Any CPU
		{B91AAE7D-989A-4E84-9F46-CEA58B677139}.Debug|x64.ActiveCfg = Debug|Any CPU
		{B91AAE7D-989A-4E84-9F46-CEA58B677139}.Debug|x64.Build.0 = Debug|Any CPU
		{B91AAE7D-989A-4E84-9F46-CEA58B677139}.Debug|x86.ActiveCfg = Debug|Any CPU
		{B91AAE7D-989A-4E84-9F46-CEA58B677139}.Debug|x86.Build.0 = Debug|Any CPU
		{B91AAE7D-989A-4E84-9F46-CEA58B677139}.Release|Any CPU.ActiveCfg = Release|Any CPU
		{B91AAE7D-989A-4E84-9F46-CEA58B677139}.Release|Any CPU.Build.0 = Release|Any CPU
		{B91AAE7D-989A-4E84-9F46-CEA58B677139}.Release|x64.ActiveCfg = Release|Any CPU
		{B91AAE7D-989A-4E84-9F46-CEA58B677139}.Release|x64.Build.0 = Release|Any CPU
		{B91AAE7D-989A-4E84-9F46-CEA58B677139}.Release|x86.ActiveCfg = Release|Any CPU
		{B91AAE7D-989A-4E84-9F46-CEA58B677139}.Release|x86.Build.0 = Release|Any CPU
		{32B064E7-98CD-465B-8E6A-A48D54D1D335}.Debug|Any CPU.ActiveCfg = Debug|Win32
		{32B064E7-98CD-465B-8E6A-A48D54D1D335}.Debug|x64.ActiveCfg = Debug|x64
		{32B064E7-98CD-465B-8E6A-A48D54D1D335}.Debug|x64.Build.0 = Debug|x64
		{32B064E7-98CD-465B-8E6A-A48D54D1D335}.Debug|x86.ActiveCfg = Debug|Win32
		{32B064E7-98CD-465B-8E6A-A48D54D1D335}.Debug|x86.Build.0 = Debug|Win32
		{32B064E7-98CD-465B-8E6A-A48D54D1D335}.Release|Any CPU.ActiveCfg = Release|Win32
		{32B064E7-98CD-465B-8E6A-A48D54D1D335}.Release|x64.ActiveCfg = Release|x64
		{32B064E7-98CD-465B-8E6A-A48D54D1D335}.Release|x64.Build.0 = Release|x64
		{32B064E7-98CD-465B-8E6A-A48D54D1D335}.Release|x86.ActiveCfg = Release|Win32
		{32B064E7-98CD-465B-8E6A-A48D54D1D335}.Release|x86.Build.0 = Release|Win32
	EndGlobalSection
	GlobalSection(SolutionProperties) = preSolution
		HideSolutionNode = FALSE
	EndGlobalSection
	GlobalSection(NestedProjects) = preSolution
		{A17ACB32-5EFA-4D73-8140-821CE22234A2} = {4BD7C520-6C56-4300-9A40-03B93133549D}
		{F6C2BDBF-62E4-4AA9-8EA2-3EC97C6B98A6} = {4BD7C520-6C56-4300-9A40-03B93133549D}
		{29EEB08F-5118-44B7-ADFD-0DC3CD601881} = {5D831831-230C-4653-B4A5-9EB8B2A6103F}
		{1F1D5586-0839-4B63-82D0-43CEC3DE15B6} = {5D831831-230C-4653-B4A5-9EB8B2A6103F}
		{563B3339-DA5A-4128-9206-5160539016FE} = {BEF0A2C1-289F-4D5B-8A5A-8601A95F8B95}
		{CFD0A3EC-D062-4587-A2EA-6534AE20BBE0} = {4BD7C520-6C56-4300-9A40-03B93133549D}
		{95A3DE97-9049-4754-8513-7ECFB88A1847} = {4BD7C520-6C56-4300-9A40-03B93133549D}
		{927C4B44-956D-4909-B872-79B25F1EDF0B} = {19FE0DCC-E971-4752-ACEF-250DB8488FA1}
		{3CF6DF7F-2EA0-49A6-9F15-22F8159E5E11} = {5D831831-230C-4653-B4A5-9EB8B2A6103F}
		{9F4F9673-EA7E-4678-9129-0CCC2992D669} = {19FE0DCC-E971-4752-ACEF-250DB8488FA1}
		{DAD3FC6C-4746-4856-9E8B-FF1423D314CE} = {5D831831-230C-4653-B4A5-9EB8B2A6103F}
		{DDEDDD48-31CC-441E-A172-3328FDDBE306} = {29835405-C6CA-40F1-AD19-F829042F288D}
		{808030FC-6A4D-47CE-A9F9-7CC9E2596B71} = {29835405-C6CA-40F1-AD19-F829042F288D}
		{A16F4854-B8B7-43C6-8510-1D2879E7385C} = {24ADE96A-B6EC-4367-8A3C-661DA1231094}
		{8FCBCB09-E67B-4EA8-8F38-30CD78AD796D} = {24ADE96A-B6EC-4367-8A3C-661DA1231094}
		{94EA5EC8-C7F9-4D2E-9753-A86F8271C8D3} = {6062897E-57CF-462D-9B4A-E740F2A56F23}
		{9DB0F74E-61B2-420A-9970-3D63F102A50A} = {6062897E-57CF-462D-9B4A-E740F2A56F23}
		{B46CD794-DDD6-45D7-B1BE-BC9A3F65FA4C} = {16B9076C-9EF5-48FF-9F75-F671DA993868}
		{1449DA7E-17AA-4396-8B35-1269B082FBC3} = {BF9BF8C2-2AD8-4A56-BA36-E3CDCBF514FF}
		{5529D57B-FFB9-41FE-9111-9C215CB0FA2E} = {16B9076C-9EF5-48FF-9F75-F671DA993868}
		{B91AAE7D-989A-4E84-9F46-CEA58B677139} = {0B804833-6D58-4277-8F19-1ADDD6CFD30C}
		{32B064E7-98CD-465B-8E6A-A48D54D1D335} = {0B804833-6D58-4277-8F19-1ADDD6CFD30C}
	EndGlobalSection
	GlobalSection(ExtensibilityGlobals) = postSolution
		SolutionGuid = {C77E5B16-8565-4E7B-B0A5-F35CF72ABB44}
	EndGlobalSection
EndGlobal
